github.com/cespare/argf v0.1.0 h1:xxZkxS/SmEBg8ozar2tDOvFsmIXv6DRC2pjVSlEIhQc=
github.com/cespare/argf v0.1.0/go.mod h1:pcXexWv4NRhioDgZbrAszRCXAcp0HZ7J5cIw2WwC5Zo=
github.com/cespare/subcmd v1.1.0 h1:r60BAqAKOGcBjxHmV9/WYvq5Qbp3xW9ByB+fRjtty9U=
github.com/cespare/subcmd v1.1.0/go.mod h1:wnVjukiuhSlhZSgGHUilbkHykG7Oglb0sJXpUQ+MoUw=
github.com/cespare/tabular v0.0.1 h1:8BOv1+oaZaZadaKxzZPpx8+JUOU/6L/8zHz+VX5mg5I=
github.com/cespare/tabular v0.0.1/go.mod h1:YMJy0ong9YVshFKEWjkPt1J5XovIQLnTyUF6bPWfJGU=
github.com/google/go-cmp v0.5.7 h1:81/ik6ipDQS2aGcBfIN5dHDB36BwrStyeAQquSYCV4o=
github.com/google/go-cmp v0.5.7/go.mod h1:n+brtR0CgQNWTVd5ZUFpTBC8YFBDLK/h/bpaJ8/DtOE=
golang.org/x/xerrors v0.0.0-20191204190536-9bdfabe68543/go.mod h1:I/5z698sn9Ka8TeJc9MKroUUfqBBauWjQqLJ2OPfmY0=
